
Microsoft Visual Studio Solution File, Format Version 12.00
# Visual Studio Version 17
VisualStudioVersion = 17.6.33815.320
MinimumVisualStudioVersion = 10.0.40219.1
Project("{FAE04EC0-301F-11D3-BF4B-00C04F79EFBC}") = "PersonAPI", "PersonAPI\PersonAPI.csproj", "{EB5A5DE3-E55B-4868-8297-7D1E87102CEE}"
EndProject
Global
	GlobalSection(SolutionConfigurationPlatforms) = preSolution
		Debug|Any CPU = Debug|Any CPU
		Release|Any CPU = Release|Any CPU
	EndGlobalSection
	GlobalSection(ProjectConfigurationPlatforms) = postSolution
		{EB5A5DE3-E55B-4868-8297-7D1E87102CEE}.Debug|Any CPU.ActiveCfg = Debug|Any CPU
		{EB5A5DE3-E55B-4868-8297-7D1E87102CEE}.Debug|Any CPU.Build.0 = Debug|Any CPU
		{EB5A5DE3-E55B-4868-8297-7D1E87102CEE}.Release|Any CPU.ActiveCfg = Release|Any CPU
		{EB5A5DE3-E55B-4868-8297-7D1E87102CEE}.Release|Any CPU.Build.0 = Release|Any CPU
	EndGlobalSection
	GlobalSection(SolutionProperties) = preSolution
		HideSolutionNode = FALSE
	EndGlobalSection
	GlobalSection(ExtensibilityGlobals) = postSolution
		SolutionGuid = {6512DFEC-4B01-4EB9-8E50-04828892255D}
	EndGlobalSection
EndGlobal
